
Microsoft Visual Studio Solution File, Format Version 12.00
# Visual Studio 15
VisualStudioVersion = 15.0.27130.2003
MinimumVisualStudioVersion = 10.0.40219.1
Project("{FAE04EC0-301F-11D3-BF4B-00C04F79EFBC}") = "EventPlanB.Console", "EventPlanB.Console\EventPlanB.Console.csproj", "{6397C106-0A4E-4DAC-A712-33D493688379}"
EndProject
Project("{FAE04EC0-301F-11D3-BF4B-00C04F79EFBC}") = "EventPlanB", "EventPlanB\EventPlanB.csproj", "{09A12151-194F-4066-958F-2FE0358C4E00}"
EndProject
Project("{FAE04EC0-301F-11D3-BF4B-00C04F79EFBC}") = "EventPlanB.Events", "EventPlanB.Events\EventPlanB.Events.csproj", "{36F913C7-269E-4114-8954-2B7EC7633E73}"
EndProject
Global
	GlobalSection(SolutionConfigurationPlatforms) = preSolution
		Debug|Any CPU = Debug|Any CPU
		Release|Any CPU = Release|Any CPU
	EndGlobalSection
	GlobalSection(ProjectConfigurationPlatforms) = postSolution
		{6397C106-0A4E-4DAC-A712-33D493688379}.Debug|Any CPU.ActiveCfg = Debug|Any CPU
		{6397C106-0A4E-4DAC-A712-33D493688379}.Debug|Any CPU.Build.0 = Debug|Any CPU
		{6397C106-0A4E-4DAC-A712-33D493688379}.Release|Any CPU.ActiveCfg = Release|Any CPU
		{6397C106-0A4E-4DAC-A712-33D493688379}.Release|Any CPU.Build.0 = Release|Any CPU
		{09A12151-194F-4066-958F-2FE0358C4E00}.Debug|Any CPU.ActiveCfg = Debug|Any CPU
		{09A12151-194F-4066-958F-2FE0358C4E00}.Debug|Any CPU.Build.0 = Debug|Any CPU
		{09A12151-194F-4066-958F-2FE0358C4E00}.Release|Any CPU.ActiveCfg = Release|Any CPU
		{09A12151-194F-4066-958F-2FE0358C4E00}.Release|Any CPU.Build.0 = Release|Any CPU
		{36F913C7-269E-4114-8954-2B7EC7633E73}.Debug|Any CPU.ActiveCfg = Debug|Any CPU
		{36F913C7-269E-4114-8954-2B7EC7633E73}.Debug|Any CPU.Build.0 = Debug|Any CPU
		{36F913C7-269E-4114-8954-2B7EC7633E73}.Release|Any CPU.ActiveCfg = Release|Any CPU
		{36F913C7-269E-4114-8954-2B7EC7633E73}.Release|Any CPU.Build.0 = Release|Any CPU
	EndGlobalSection
	GlobalSection(SolutionProperties) = preSolution
		HideSolutionNode = FALSE
	EndGlobalSection
	GlobalSection(ExtensibilityGlobals) = postSolution
		SolutionGuid = {CB4E522A-8D6D-4407-A5DA-D795478BB680}
	EndGlobalSection
EndGlobal
